
Microsoft Visual Studio Solution File, Format Version 12.00
# Visual Studio Version 17
VisualStudioVersion = 17.5.33516.290
MinimumVisualStudioVersion = 10.0.40219.1
Project("{8BC9CEB8-8B4A-11D0-8D11-00A0C91BC942}") = "main", "main\main.vcxproj", "{3AE4E8D1-ED41-4DC1-B4D5-D8D341B95BA2}"
EndProject
Global
	GlobalSection(SolutionConfigurationPlatforms) = preSolution
		Debug|x64 = Debug|x64
		Debug|x86 = Debug|x86
		Release|x64 = Release|x64
		Release|x86 = Release|x86
	EndGlobalSection
	GlobalSection(ProjectConfigurationPlatforms) = postSolution
		{3AE4E8D1-ED41-4DC1-B4D5-D8D341B95BA2}.Debug|x64.ActiveCfg = Debug|x64
		{3AE4E8D1-ED41-4DC1-B4D5-D8D341B95BA2}.Debug|x64.Build.0 = Debug|x64
		{3AE4E8D1-ED41-4DC1-B4D5-D8D341B95BA2}.Debug|x86.ActiveCfg = Debug|Win32
		{3AE4E8D1-ED41-4DC1-B4D5-D8D341B95BA2}.Debug|x86.Build.0 = Debug|Win32
		{3AE4E8D1-ED41-4DC1-B4D5-D8D341B95BA2}.Release|x64.ActiveCfg = Release|x64
		{3AE4E8D1-ED41-4DC1-B4D5-D8D341B95BA2}.Release|x64.Build.0 = Release|x64
		{3AE4E8D1-ED41-4DC1-B4D5-D8D341B95BA2}.Release|x86.ActiveCfg = Release|Win32
		{3AE4E8D1-ED41-4DC1-B4D5-D8D341B95BA2}.Release|x86.Build.0 = Release|Win32
	EndGlobalSection
	GlobalSection(SolutionProperties) = preSolution
		HideSolutionNode = FALSE
	EndGlobalSection
	GlobalSection(ExtensibilityGlobals) = postSolution
		SolutionGuid = {06682F97-530A-426D-80A4-D300D6B2B275}
	EndGlobalSection
EndGlobal
